
Microsoft Visual Studio Solution File, Format Version 12.00
# Visual Studio 2013
VisualStudioVersion = 12.0.30501.0
MinimumVisualStudioVersion = 10.0.40219.1
Project("{FAE04EC0-301F-11D3-BF4B-00C04F79EFBC}") = "ProjectMSF", "ProjectMSF\ProjectMSF.csproj", "{3FD3C62E-FE7F-4A02-A586-7177977D4A29}"
EndProject
Project("{2150E333-8FDC-42A3-9474-1A3956D46DE8}") = "Solution Items", "Solution Items", "{D7BD3B50-F138-4557-8537-F01CE09B3E94}"
	ProjectSection(SolutionItems) = preProject
		Readme.md = Readme.md
	EndProjectSection
EndProject
Global
	GlobalSection(SolutionConfigurationPlatforms) = preSolution
		Debug|Any CPU = Debug|Any CPU
		Debug|Mixed Platforms = Debug|Mixed Platforms
		Debug|x86 = Debug|x86
		Release|Any CPU = Release|Any CPU
		Release|Mixed Platforms = Release|Mixed Platforms
		Release|x86 = Release|x86
	EndGlobalSection
	GlobalSection(ProjectConfigurationPlatforms) = postSolution
		{3FD3C62E-FE7F-4A02-A586-7177977D4A29}.Debug|Any CPU.ActiveCfg = Debug|Any CPU
		{3FD3C62E-FE7F-4A02-A586-7177977D4A29}.Debug|Any CPU.Build.0 = Debug|Any CPU
		{3FD3C62E-FE7F-4A02-A586-7177977D4A29}.Debug|Mixed Platforms.ActiveCfg = Debug|Any CPU
		{3FD3C62E-FE7F-4A02-A586-7177977D4A29}.Debug|Mixed Platforms.Build.0 = Debug|Any CPU
		{3FD3C62E-FE7F-4A02-A586-7177977D4A29}.Debug|x86.ActiveCfg = Debug|Any CPU
		{3FD3C62E-FE7F-4A02-A586-7177977D4A29}.Release|Any CPU.ActiveCfg = Release|Any CPU
		{3FD3C62E-FE7F-4A02-A586-7177977D4A29}.Release|Any CPU.Build.0 = Release|Any CPU
		{3FD3C62E-FE7F-4A02-A586-7177977D4A29}.Release|Mixed Platforms.ActiveCfg = Release|Any CPU
		{3FD3C62E-FE7F-4A02-A586-7177977D4A29}.Release|Mixed Platforms.Build.0 = Release|Any CPU
		{3FD3C62E-FE7F-4A02-A586-7177977D4A29}.Release|x86.ActiveCfg = Release|Any CPU
	EndGlobalSection
	GlobalSection(SolutionProperties) = preSolution
		HideSolutionNode = FALSE
	EndGlobalSection
EndGlobal
